
Microsoft Visual Studio Solution File, Format Version 12.00
# Visual Studio Version 16
VisualStudioVersion = 16.0.30002.166
MinimumVisualStudioVersion = 10.0.40219.1
Project("{2150E333-8FDC-42A3-9474-1A3956D46DE8}") = "1 - Presentation", "1 - Presentation", "{19238678-0E43-486F-950D-E79A0BF30A63}"
EndProject
Project("{2150E333-8FDC-42A3-9474-1A3956D46DE8}") = "2 - Application", "2 - Application", "{3FAEEF5A-F9B7-4895-A548-5E04D0F12901}"
EndProject
Project("{2150E333-8FDC-42A3-9474-1A3956D46DE8}") = "3 - Domain", "3 - Domain", "{AEF4C656-8797-4F7B-A0E0-82517D39B710}"
EndProject
Project("{2150E333-8FDC-42A3-9474-1A3956D46DE8}") = "4 - Infra", "4 - Infra", "{F682B4C2-E5AA-4262-A64A-A1017A3D1DB7}"
EndProject
Project("{2150E333-8FDC-42A3-9474-1A3956D46DE8}") = "4.1 - Data", "4.1 - Data", "{2B706B65-4782-4FC8-9821-4DAD73C75613}"
EndProject
Project("{2150E333-8FDC-42A3-9474-1A3956D46DE8}") = "4.2 - CrossCutting", "4.2 - CrossCutting", "{153EF10F-E043-4E64-83C6-EB087DCFCD41}"
EndProject
Project("{9A19103F-16F7-4668-BE54-9A1E7A4F7556}") = "Domain", "Domain\Domain.csproj", "{53247DF1-2100-45BE-B162-48DDE51C1B1A}"
EndProject
Project("{9A19103F-16F7-4668-BE54-9A1E7A4F7556}") = "Data", "Data\Data.csproj", "{90E29269-C620-40F6-97E8-4C95BD28568F}"
EndProject
Project("{9A19103F-16F7-4668-BE54-9A1E7A4F7556}") = "Application", "Application\Application.csproj", "{7464950E-F718-4646-81A3-0E0D1BD4CD77}"
EndProject
Project("{9A19103F-16F7-4668-BE54-9A1E7A4F7556}") = "CrossCutting.Adapter", "CrossCutting.Adapter\CrossCutting.Adapter.csproj", "{79C0C04D-5628-47E1-9FFE-4E119447531D}"
EndProject
Project("{9A19103F-16F7-4668-BE54-9A1E7A4F7556}") = "CrossCutting.IoC", "CrossCutting.IoC\CrossCutting.IoC.csproj", "{FB5A1BF2-07A2-4583-BF78-DD3977C91DC4}"
EndProject
Project("{FAE04EC0-301F-11D3-BF4B-00C04F79EFBC}") = "Game.API", "Game.API\Game.API.csproj", "{0A08E513-B986-49A6-896F-E28117C397DA}"
EndProject
Global
	GlobalSection(SolutionConfigurationPlatforms) = preSolution
		Debug|Any CPU = Debug|Any CPU
		Release|Any CPU = Release|Any CPU
	EndGlobalSection
	GlobalSection(ProjectConfigurationPlatforms) = postSolution
		{53247DF1-2100-45BE-B162-48DDE51C1B1A}.Debug|Any CPU.ActiveCfg = Debug|Any CPU
		{53247DF1-2100-45BE-B162-48DDE51C1B1A}.Debug|Any CPU.Build.0 = Debug|Any CPU
		{53247DF1-2100-45BE-B162-48DDE51C1B1A}.Release|Any CPU.ActiveCfg = Release|Any CPU
		{53247DF1-2100-45BE-B162-48DDE51C1B1A}.Release|Any CPU.Build.0 = Release|Any CPU
		{90E29269-C620-40F6-97E8-4C95BD28568F}.Debug|Any CPU.ActiveCfg = Debug|Any CPU
		{90E29269-C620-40F6-97E8-4C95BD28568F}.Debug|Any CPU.Build.0 = Debug|Any CPU
		{90E29269-C620-40F6-97E8-4C95BD28568F}.Release|Any CPU.ActiveCfg = Release|Any CPU
		{90E29269-C620-40F6-97E8-4C95BD28568F}.Release|Any CPU.Build.0 = Release|Any CPU
		{7464950E-F718-4646-81A3-0E0D1BD4CD77}.Debug|Any CPU.ActiveCfg = Debug|Any CPU
		{7464950E-F718-4646-81A3-0E0D1BD4CD77}.Debug|Any CPU.Build.0 = Debug|Any CPU
		{7464950E-F718-4646-81A3-0E0D1BD4CD77}.Release|Any CPU.ActiveCfg = Release|Any CPU
		{7464950E-F718-4646-81A3-0E0D1BD4CD77}.Release|Any CPU.Build.0 = Release|Any CPU
		{79C0C04D-5628-47E1-9FFE-4E119447531D}.Debug|Any CPU.ActiveCfg = Debug|Any CPU
		{79C0C04D-5628-47E1-9FFE-4E119447531D}.Debug|Any CPU.Build.0 = Debug|Any CPU
		{79C0C04D-5628-47E1-9FFE-4E119447531D}.Release|Any CPU.ActiveCfg = Release|Any CPU
		{79C0C04D-5628-47E1-9FFE-4E119447531D}.Release|Any CPU.Build.0 = Release|Any CPU
		{FB5A1BF2-07A2-4583-BF78-DD3977C91DC4}.Debug|Any CPU.ActiveCfg = Debug|Any CPU
		{FB5A1BF2-07A2-4583-BF78-DD3977C91DC4}.Debug|Any CPU.Build.0 = Debug|Any CPU
		{FB5A1BF2-07A2-4583-BF78-DD3977C91DC4}.Release|Any CPU.ActiveCfg = Release|Any CPU
		{FB5A1BF2-07A2-4583-BF78-DD3977C91DC4}.Release|Any CPU.Build.0 = Release|Any CPU
		{0A08E513-B986-49A6-896F-E28117C397DA}.Debug|Any CPU.ActiveCfg = Debug|Any CPU
		{0A08E513-B986-49A6-896F-E28117C397DA}.Debug|Any CPU.Build.0 = Debug|Any CPU
		{0A08E513-B986-49A6-896F-E28117C397DA}.Release|Any CPU.ActiveCfg = Release|Any CPU
		{0A08E513-B986-49A6-896F-E28117C397DA}.Release|Any CPU.Build.0 = Release|Any CPU
	EndGlobalSection
	GlobalSection(SolutionProperties) = preSolution
		HideSolutionNode = FALSE
	EndGlobalSection
	GlobalSection(NestedProjects) = preSolution
		{2B706B65-4782-4FC8-9821-4DAD73C75613} = {F682B4C2-E5AA-4262-A64A-A1017A3D1DB7}
		{153EF10F-E043-4E64-83C6-EB087DCFCD41} = {F682B4C2-E5AA-4262-A64A-A1017A3D1DB7}
		{53247DF1-2100-45BE-B162-48DDE51C1B1A} = {AEF4C656-8797-4F7B-A0E0-82517D39B710}
		{90E29269-C620-40F6-97E8-4C95BD28568F} = {2B706B65-4782-4FC8-9821-4DAD73C75613}
		{7464950E-F718-4646-81A3-0E0D1BD4CD77} = {3FAEEF5A-F9B7-4895-A548-5E04D0F12901}
		{79C0C04D-5628-47E1-9FFE-4E119447531D} = {153EF10F-E043-4E64-83C6-EB087DCFCD41}
		{FB5A1BF2-07A2-4583-BF78-DD3977C91DC4} = {153EF10F-E043-4E64-83C6-EB087DCFCD41}
		{0A08E513-B986-49A6-896F-E28117C397DA} = {19238678-0E43-486F-950D-E79A0BF30A63}
	EndGlobalSection
	GlobalSection(ExtensibilityGlobals) = postSolution
		SolutionGuid = {0ADF5E17-E040-43D2-9ACE-2778066DA3A5}
	EndGlobalSection
EndGlobal
